PODS:
  - AudioKit (4.4.0):
    - AudioKit/Core (= 4.4.0)
    - AudioKit/UI (= 4.4.0)
  - AudioKit/Core (4.4.0)
  - AudioKit/UI (4.4.0)
  - ChameleonFramework/Default (2.1.0)
  - ChameleonFramework/Swift (2.1.0):
    - ChameleonFramework/Default
  - HGRippleRadarView (0.1.2)
  - OpenCV (3.3.1.1)
  - SnapKit (4.0.1)
  - Upsurge (0.10.2)

DEPENDENCIES:
  - AudioKit (~> 4.0)
  - AudioKit/UI
  - ChameleonFramework/Swift (from `https://github.com/ViccAlexander/Chameleon.git`)
  - HGRippleRadarView
  - OpenCV (~> 3.3.1)
  - SnapKit (~> 4.0.0)
  - Upsurge (~> 0.10.2)

SPEC REPOS:
  https://github.com/cocoapods/specs.git:
    - AudioKit
    - HGRippleRadarView
    - OpenCV
    - SnapKit
    - Upsurge

EXTERNAL SOURCES:
  ChameleonFramework:
    :git: https://github.com/ViccAlexander/Chameleon.git

CHECKOUT OPTIONS:
  ChameleonFramework:
    :commit: 6dd284bde21ea2e7f9fd89bc36f40df16e16369d
    :git: https://github.com/ViccAlexander/Chameleon.git

SPEC CHECKSUMS:
  AudioKit: 79c2b23cd00beb656938aa0b81b614391f17eaa3
  ChameleonFramework: d21a3cc247abfe5e37609a283a8238b03575cf64
  HGRippleRadarView: 5379e27634c09222ebc836671c7425ad7b257cc4
  OpenCV: c229886715ba0a2c193a950d74b18887728267f4
  SnapKit: 0de968a9fec17499afa29683b05d0c775b6d1c29
  Upsurge: 5866beadc3da27f91c5df4ac795deb3f3238d678

PODFILE CHECKSUM: a4979d936c9ed5eaa1011367fce7fed6f0a48541

COCOAPODS: 1.5.3
